
Microsoft Visual Studio Solution File, Format Version 12.00
# Visual Studio 15
VisualStudioVersion = 15.0.28307.572
MinimumVisualStudioVersion = 10.0.40219.1
Project("{FAE04EC0-301F-11D3-BF4B-00C04F79EFBC}") = "ken4read", "ken4read\ken4read.csproj", "{6742E980-6BAA-4768-BF64-6CA6E9FA4FD1}"
EndProject
Global
	GlobalSection(SolutionConfigurationPlatforms) = preSolution
		Debug|Any CPU = Debug|Any CPU
		Release|Any CPU = Release|Any CPU
	EndGlobalSection
	GlobalSection(ProjectConfigurationPlatforms) = postSolution
		{6742E980-6BAA-4768-BF64-6CA6E9FA4FD1}.Debug|Any CPU.ActiveCfg = Debug|Any CPU
		{6742E980-6BAA-4768-BF64-6CA6E9FA4FD1}.Debug|Any CPU.Build.0 = Debug|Any CPU
		{6742E980-6BAA-4768-BF64-6CA6E9FA4FD1}.Release|Any CPU.ActiveCfg = Release|Any CPU
		{6742E980-6BAA-4768-BF64-6CA6E9FA4FD1}.Release|Any CPU.Build.0 = Release|Any CPU
	EndGlobalSection
	GlobalSection(SolutionProperties) = preSolution
		HideSolutionNode = FALSE
	EndGlobalSection
	GlobalSection(ExtensibilityGlobals) = postSolution
		SolutionGuid = {94528D9C-E58B-4D22-B369-177A0FF2E158}
	EndGlobalSection
EndGlobal
